
Microsoft Visual Studio Solution File, Format Version 12.00
# Visual Studio Version 16
VisualStudioVersion = 16.0.29215.179
MinimumVisualStudioVersion = 10.0.40219.1
Project("{FAE04EC0-301F-11D3-BF4B-00C04F79EFBC}") = "CropTest", "CropTest\CropTest.csproj", "{80EC6CCB-7F79-4151-ADDE-435572EE5366}"
EndProject
Global
	GlobalSection(SolutionConfigurationPlatforms) = preSolution
		Debug|Any CPU = Debug|Any CPU
		Release|Any CPU = Release|Any CPU
	EndGlobalSection
	GlobalSection(ProjectConfigurationPlatforms) = postSolution
		{80EC6CCB-7F79-4151-ADDE-435572EE5366}.Debug|Any CPU.ActiveCfg = Debug|Any CPU
		{80EC6CCB-7F79-4151-ADDE-435572EE5366}.Debug|Any CPU.Build.0 = Debug|Any CPU
		{80EC6CCB-7F79-4151-ADDE-435572EE5366}.Release|Any CPU.ActiveCfg = Release|Any CPU
		{80EC6CCB-7F79-4151-ADDE-435572EE5366}.Release|Any CPU.Build.0 = Release|Any CPU
	EndGlobalSection
	GlobalSection(SolutionProperties) = preSolution
		HideSolutionNode = FALSE
	EndGlobalSection
	GlobalSection(ExtensibilityGlobals) = postSolution
		SolutionGuid = {96937F52-4279-4650-B27F-4AD25202239F}
	EndGlobalSection
EndGlobal
