
Microsoft Visual Studio Solution File, Format Version 12.00
# Visual Studio Version 16
VisualStudioVersion = 16.0.29215.179
MinimumVisualStudioVersion = 10.0.40219.1
Project("{FAE04EC0-301F-11D3-BF4B-00C04F79EFBC}") = "AlgorithmTest", "AlgorithmTest\AlgorithmTest.csproj", "{ACCA7884-3DF7-4F76-950C-64C327E5312D}"
EndProject
Global
	GlobalSection(SolutionConfigurationPlatforms) = preSolution
		Debug|Any CPU = Debug|Any CPU
		Release|Any CPU = Release|Any CPU
	EndGlobalSection
	GlobalSection(ProjectConfigurationPlatforms) = postSolution
		{ACCA7884-3DF7-4F76-950C-64C327E5312D}.Debug|Any CPU.ActiveCfg = Debug|Any CPU
		{ACCA7884-3DF7-4F76-950C-64C327E5312D}.Debug|Any CPU.Build.0 = Debug|Any CPU
		{ACCA7884-3DF7-4F76-950C-64C327E5312D}.Release|Any CPU.ActiveCfg = Release|Any CPU
		{ACCA7884-3DF7-4F76-950C-64C327E5312D}.Release|Any CPU.Build.0 = Release|Any CPU
	EndGlobalSection
	GlobalSection(SolutionProperties) = preSolution
		HideSolutionNode = FALSE
	EndGlobalSection
	GlobalSection(ExtensibilityGlobals) = postSolution
		SolutionGuid = {3F99F5C1-4389-4310-976E-55587773431E}
	EndGlobalSection
EndGlobal
